
Microsoft Visual Studio Solution File, Format Version 12.00
# Visual Studio Version 17
VisualStudioVersion = 17.1.32210.238
MinimumVisualStudioVersion = 10.0.40219.1
Project("{8BC9CEB8-8B4A-11D0-8D11-00A0C91BC942}") = "esercizio2_esercitazione3", "esercizio2_esercitazione3\esercizio2_esercitazione3.vcxproj", "{EDD35034-5831-4064-9FB1-DFE140D138C1}"
EndProject
Global
	GlobalSection(SolutionConfigurationPlatforms) = preSolution
		Debug|x64 = Debug|x64
		Debug|x86 = Debug|x86
		Release|x64 = Release|x64
		Release|x86 = Release|x86
	EndGlobalSection
	GlobalSection(ProjectConfigurationPlatforms) = postSolution
		{EDD35034-5831-4064-9FB1-DFE140D138C1}.Debug|x64.ActiveCfg = Debug|x64
		{EDD35034-5831-4064-9FB1-DFE140D138C1}.Debug|x64.Build.0 = Debug|x64
		{EDD35034-5831-4064-9FB1-DFE140D138C1}.Debug|x86.ActiveCfg = Debug|Win32
		{EDD35034-5831-4064-9FB1-DFE140D138C1}.Debug|x86.Build.0 = Debug|Win32
		{EDD35034-5831-4064-9FB1-DFE140D138C1}.Release|x64.ActiveCfg = Release|x64
		{EDD35034-5831-4064-9FB1-DFE140D138C1}.Release|x64.Build.0 = Release|x64
		{EDD35034-5831-4064-9FB1-DFE140D138C1}.Release|x86.ActiveCfg = Release|Win32
		{EDD35034-5831-4064-9FB1-DFE140D138C1}.Release|x86.Build.0 = Release|Win32
	EndGlobalSection
	GlobalSection(SolutionProperties) = preSolution
		HideSolutionNode = FALSE
	EndGlobalSection
	GlobalSection(ExtensibilityGlobals) = postSolution
		SolutionGuid = {CF7A0C2F-8A4B-475E-889C-9D0073CF2A39}
	EndGlobalSection
EndGlobal
